{
  "nodes": {
    "bionix": {
      "locked": {
        "lastModified": 1668475748,
        "narHash": "sha256-wbZejygvBg9D9tb/tTCCEM15q0OAE3KND6XZkuC3ljQ=",
        "owner": "papenfusslab",
        "repo": "bionix",
        "rev": "288124450ddf2c7843e9041a2d36bcdb6ba7154a",
        "type": "github"
      },
      "original": {
        "owner": "papenfusslab",
        "repo": "bionix",
        "type": "github"
      }
    },
    "flake-utils": {
      "locked": {
        "lastModified": 1667395993,
        "narHash": "sha256-nuEHfE/LcWyuSWnS8t12N1wc105Qtau+/OdUAjtQ0rA=",
        "owner": "numtide",
        "repo": "flake-utils",
        "rev": "5aed5285a952e0b949eb3ba02c12fa4fcfef535f",
        "type": "github"
      },
      "original": {
        "owner": "numtide",
        "repo": "flake-utils",
        "type": "github"
      }
    },
    "nixpkgs": {
      "locked": {
        "lastModified": 1675904181,
        "narHash": "sha256-o7zcTNKQO+OautkP1RYu1CNrleRUf3PuZ4lGUdHsgEg=",
        "owner": "nixos",
        "repo": "nixpkgs",
        "rev": "233ad480b03662418b2d216eb0ca8c9b3ad8dbd9",
        "type": "github"
      },
      "original": {
        "owner": "nixos",
        "repo": "nixpkgs",
        "type": "github"
      }
    },
    "root": {
      "inputs": {
        "bionix": "bionix",
        "flake-utils": "flake-utils",
        "nixpkgs": "nixpkgs"
      }
    }
  },
  "root": "root",
  "version": 7
}
